// !$*UTF8*$!
{
	archiveVersion = 1;
	classes = {
	};
	objectVersion = 50;
	objects = {

/* Begin PBXBuildFile section */
		7BAC6BE3253382EF00D0B6A5 /* AppDelegate.swift in Sources */ = {isa = PBXBuildFile; fileRef = 7BAC6BE2253382EF00D0B6A5 /* AppDelegate.swift */; };
		7BAC6BE5253382EF00D0B6A5 /* SceneDelegate.swift in Sources */ = {isa = PBXBuildFile; fileRef = 7BAC6BE4253382EF00D0B6A5 /* SceneDelegate.swift */; };
		7BAC6BE7253382EF00D0B6A5 /* ViewController.swift in Sources */ = {isa = PBXBuildFile; fileRef = 7BAC6BE6253382EF00D0B6A5 /* ViewController.swift */; };
		7BAC6BEA253382EF00D0B6A5 /* Main.storyboard in Resources */ = {isa = PBXBuildFile; fileRef = 7BAC6BE8253382EF00D0B6A5 /* Main.storyboard */; };
		7BAC6BEC253382F100D0B6A5 /* Assets.xcassets in Resources */ = {isa = PBXBuildFile; fileRef = 7BAC6BEB253382F100D0B6A5 /* Assets.xcassets */; };
		7BAC6BEF253382F100D0B6A5 /* LaunchScreen.storyboard in Resources */ = {isa = PBXBuildFile; fileRef = 7BAC6BED253382F100D0B6A5 /* LaunchScreen.storyboard */; };
		7BB3BA3E2534C448002B6905 /* Constants.swift in Sources */ = {isa = PBXBuildFile; fileRef = 7BB3BA3D2534C448002B6905 /* Constants.swift */; };
		7BB3BA412534CA1A002B6905 /* Video.swift in Sources */ = {isa = PBXBuildFile; fileRef = 7BB3BA402534CA1A002B6905 /* Video.swift */; };
		7BB3BA442534CA81002B6905 /* Model.swift in Sources */ = {isa = PBXBuildFile; fileRef = 7BB3BA432534CA81002B6905 /* Model.swift */; };
/* End PBXBuildFile section */

/* Begin PBXFileReference section */
		7BAC6BDF253382EF00D0B6A5 /* youtube-light.app */ = {isa = PBXFileReference; explicitFileType = wrapper.application; includeInIndex = 0; path = "youtube-light.app"; sourceTree = BUILT_PRODUCTS_DIR; };
		7BAC6BE2253382EF00D0B6A5 /* AppDelegate.swift */ = {isa = PBXFileReference; lastKnownFileType = sourcecode.swift; path = AppDelegate.swift; sourceTree = "<group>"; };
		7BAC6BE4253382EF00D0B6A5 /* SceneDelegate.swift */ = {isa = PBXFileReference; lastKnownFileType = sourcecode.swift; path = SceneDelegate.swift; sourceTree = "<group>"; };
		7BAC6BE6253382EF00D0B6A5 /* ViewController.swift */ = {isa = PBXFileReference; lastKnownFileType = sourcecode.swift; path = ViewController.swift; sourceTree = "<group>"; };
		7BAC6BE9253382EF00D0B6A5 /* Base */ = {isa = PBXFileReference; lastKnownFileType = file.storyboard; name = Base; path = Base.lproj/Main.storyboard; sourceTree = "<group>"; };
		7BAC6BEB253382F100D0B6A5 /* Assets.xcassets */ = {isa = PBXFileReference; lastKnownFileType = folder.assetcatalog; path = Assets.xcassets; sourceTree = "<group>"; };
		7BAC6BEE253382F100D0B6A5 /* Base */ = {isa = PBXFileReference; lastKnownFileType = file.storyboard; name = Base; path = Base.lproj/LaunchScreen.storyboard; sourceTree = "<group>"; };
		7BAC6BF0253382F100D0B6A5 /* Info.plist */ = {isa = PBXFileReference; lastKnownFileType = text.plist.xml; path = Info.plist; sourceTree = "<group>"; };
		7BB3BA3D2534C448002B6905 /* Constants.swift */ = {isa = PBXFileReference; lastKnownFileType = sourcecode.swift; path = Constants.swift; sourceTree = "<group>"; };
		7BB3BA402534CA1A002B6905 /* Video.swift */ = {isa = PBXFileReference; lastKnownFileType = sourcecode.swift; path = Video.swift; sourceTree = "<group>"; };
		7BB3BA432534CA81002B6905 /* Model.swift */ = {isa = PBXFileReference; lastKnownFileType = sourcecode.swift; path = Model.swift; sourceTree = "<group>"; };
/* End PBXFileReference section */

/* Begin PBXFrameworksBuildPhase section */
		7BAC6BDC253382EF00D0B6A5 /* Frameworks */ = {
			isa = PBXFrameworksBuildPhase;
			buildActionMask = 2147483647;
			files = (
			);
			runOnlyForDeploymentPostprocessing = 0;
		};
/* End PBXFrameworksBuildPhase section */

/* Begin PBXGroup section */
		7BAC6BD6253382EF00D0B6A5 = {
			isa = PBXGroup;
			children = (
				7BAC6BE1253382EF00D0B6A5 /* youtube-light */,
				7BAC6BE0253382EF00D0B6A5 /* Products */,
			);
			sourceTree = "<group>";
		};
		7BAC6BE0253382EF00D0B6A5 /* Products */ = {
			isa = PBXGroup;
			children = (
				7BAC6BDF253382EF00D0B6A5 /* youtube-light.app */,
			);
			name = Products;
			sourceTree = "<group>";
		};
		7BAC6BE1253382EF00D0B6A5 /* youtube-light */ = {
			isa = PBXGroup;
			children = (
				7BAC6BE2253382EF00D0B6A5 /* AppDelegate.swift */,
				7BAC6BE4253382EF00D0B6A5 /* SceneDelegate.swift */,
				7BAC6BE6253382EF00D0B6A5 /* ViewController.swift */,
				7BB3BA3D2534C448002B6905 /* Constants.swift */,
				7BB3BA402534CA1A002B6905 /* Video.swift */,
				7BB3BA432534CA81002B6905 /* Model.swift */,
				7BAC6BE8253382EF00D0B6A5 /* Main.storyboard */,
				7BAC6BEB253382F100D0B6A5 /* Assets.xcassets */,
				7BAC6BED253382F100D0B6A5 /* LaunchScreen.storyboard */,
				7BAC6BF0253382F100D0B6A5 /* Info.plist */,
			);
			path = "youtube-light";
			sourceTree = "<group>";
		};
/* End PBXGroup section */

/* Begin PBXNativeTarget section */
		7BAC6BDE253382EF00D0B6A5 /* youtube-light */ = {
			isa = PBXNativeTarget;
			buildConfigurationList = 7BAC6BF3253382F100D0B6A5 /* Build configuration list for PBXNativeTarget "youtube-light" */;
			buildPhases = (
				7BAC6BDB253382EF00D0B6A5 /* Sources */,
				7BAC6BDC253382EF00D0B6A5 /* Frameworks */,
				7BAC6BDD253382EF00D0B6A5 /* Resources */,
			);
			buildRules = (
			);
			dependencies = (
			);
			name = "youtube-light";
			productName = "youtube-light";
			productReference = 7BAC6BDF253382EF00D0B6A5 /* youtube-light.app */;
			productType = "com.apple.product-type.application";
		};
/* End PBXNativeTarget section */

/* Begin PBXProject section */
		7BAC6BD7253382EF00D0B6A5 /* Project object */ = {
			isa = PBXProject;
			attributes = {
				LastSwiftUpdateCheck = 1200;
				LastUpgradeCheck = 1200;
				TargetAttributes = {
					7BAC6BDE253382EF00D0B6A5 = {
						CreatedOnToolsVersion = 12.0.1;
					};
				};
			};
			buildConfigurationList = 7BAC6BDA253382EF00D0B6A5 /* Build configuration list for PBXProject "youtube-light" */;
			compatibilityVersion = "Xcode 9.3";
			developmentRegion = en;
			hasScannedForEncodings = 0;
			knownRegions = (
				en,
				Base,
			);
			mainGroup = 7BAC6BD6253382EF00D0B6A5;
			productRefGroup = 7BAC6BE0253382EF00D0B6A5 /* Products */;
			projectDirPath = "";
			projectRoot = "";
			targets = (
				7BAC6BDE253382EF00D0B6A5 /* youtube-light */,
			);
		};
/* End PBXProject section */

/* Begin PBXResourcesBuildPhase section */
		7BAC6BDD253382EF00D0B6A5 /* Resources */ = {
			isa = PBXResourcesBuildPhase;
			buildActionMask = 2147483647;
			files = (
				7BAC6BEF253382F100D0B6A5 /* LaunchScreen.storyboard in Resources */,
				7BAC6BEC253382F100D0B6A5 /* Assets.xcassets in Resources */,
				7BAC6BEA253382EF00D0B6A5 /* Main.storyboard in Resources */,
			);
			runOnlyForDeploymentPostprocessing = 0;
		};
/* End PBXResourcesBuildPhase section */

/* Begin PBXSourcesBuildPhase section */
		7BAC6BDB253382EF00D0B6A5 /* Sources */ = {
			isa = PBXSourcesBuildPhase;
			buildActionMask = 2147483647;
			files = (
				7BAC6BE7253382EF00D0B6A5 /* ViewController.swift in Sources */,
				7BAC6BE3253382EF00D0B6A5 /* AppDelegate.swift in Sources */,
				7BAC6BE5253382EF00D0B6A5 /* SceneDelegate.swift in Sources */,
				7BB3BA442534CA81002B6905 /* Model.swift in Sources */,
				7BB3BA3E2534C448002B6905 /* Constants.swift in Sources */,
				7BB3BA412534CA1A002B6905 /* Video.swift in Sources */,
			);
			runOnlyForDeploymentPostprocessing = 0;
		};
/* End PBXSourcesBuildPhase section */

/* Begin PBXVariantGroup section */
		7BAC6BE8253382EF00D0B6A5 /* Main.storyboard */ = {
			isa = PBXVariantGroup;
			children = (
				7BAC6BE9253382EF00D0B6A5 /* Base */,
			);
			name = Main.storyboard;
			sourceTree = "<group>";
		};
		7BAC6BED253382F100D0B6A5 /* LaunchScreen.storyboard */ = {
			isa = PBXVariantGroup;
			children = (
				7BAC6BEE253382F100D0B6A5 /* Base */,
			);
			name = LaunchScreen.storyboard;
			sourceTree = "<group>";
		};
/* End PBXVariantGroup section */

/* Begin XCBuildConfiguration section */
		7BAC6BF1253382F100D0B6A5 /* Debug */ = {
			isa = XCBuildConfiguration;
			buildSettings = {
				ALWAYS_SEARCH_USER_PATHS = NO;
				CLANG_ANALYZER_NONNULL = YES;
				CLANG_ANALYZER_NUMBER_OBJECT_CONVERSION = YES_AGGRESSIVE;
				CLANG_CXX_LANGUAGE_STANDARD = "gnu++14";
				CLANG_CXX_LIBRARY = "libc++";
				CLANG_ENABLE_MODULES = YES;
				CLANG_ENABLE_OBJC_ARC = YES;
				CLANG_ENABLE_OBJC_WEAK = YES;
				CLANG_WARN_BLOCK_CAPTURE_AUTORELEASING = YES;
				CLANG_WARN_BOOL_CONVERSION = YES;
				CLANG_WARN_COMMA = YES;
				CLANG_WARN_CONSTANT_CONVERSION = YES;
				CLANG_WARN_DEPRECATED_OBJC_IMPLEMENTATIONS = YES;
				CLANG_WARN_DIRECT_OBJC_ISA_USAGE = YES_ERROR;
				CLANG_WARN_DOCUMENTATION_COMMENTS = YES;
				CLANG_WARN_EMPTY_BODY = YES;
				CLANG_WARN_ENUM_CONVERSION = YES;
				CLANG_WARN_INFINITE_RECURSION = YES;
				CLANG_WARN_INT_CONVERSION = YES;
				CLANG_WARN_NON_LITERAL_NULL_CONVERSION = YES;
				CLANG_WARN_OBJC_IMPLICIT_RETAIN_SELF = YES;
				CLANG_WARN_OBJC_LITERAL_CONVERSION = YES;
				CLANG_WARN_OBJC_ROOT_CLASS = YES_ERROR;
				CLANG_WARN_QUOTED_INCLUDE_IN_FRAMEWORK_HEADER = YES;
				CLANG_WARN_RANGE_LOOP_ANALYSIS = YES;
				CLANG_WARN_STRICT_PROTOTYPES = YES;
				CLANG_WARN_SUSPICIOUS_MOVE = YES;
				CLANG_WARN_UNGUARDED_AVAILABILITY = YES_AGGRESSIVE;
				CLANG_WARN_UNREACHABLE_CODE = YES;
				CLANG_WARN__DUPLICATE_METHOD_MATCH = YES;
				COPY_PHASE_STRIP = NO;
				DEBUG_INFORMATION_FORMAT = dwarf;
				ENABLE_STRICT_OBJC_MSGSEND = YES;
				ENABLE_TESTABILITY = YES;
				GCC_C_LANGUAGE_STANDARD = gnu11;
				GCC_DYNAMIC_NO_PIC = NO;
				GCC_NO_COMMON_BLOCKS = YES;
				GCC_OPTIMIZATION_LEVEL = 0;
				GCC_PREPROCESSOR_DEFINITIONS = (
					"DEBUG=1",
					"$(inherited)",
				);
				GCC_WARN_64_TO_32_BIT_CONVERSION = YES;
				GCC_WARN_ABOUT_RETURN_TYPE = YES_ERROR;
				GCC_WARN_UNDECLARED_SELECTOR = YES;
				GCC_WARN_UNINITIALIZED_AUTOS = YES_AGGRESSIVE;
				GCC_WARN_UNUSED_FUNCTION = YES;
				GCC_WARN_UNUSED_VARIABLE = YES;
				IPHONEOS_DEPLOYMENT_TARGET = 14.0;
				MTL_ENABLE_DEBUG_INFO = INCLUDE_SOURCE;
				MTL_FAST_MATH = YES;
				ONLY_ACTIVE_ARCH = YES;
				SDKROOT = iphoneos;
				SWIFT_ACTIVE_COMPILATION_CONDITIONS = DEBUG;
				SWIFT_OPTIMIZATION_LEVEL = "-Onone";
			};
			name = Debug;
		};
		7BAC6BF2253382F100D0B6A5 /* Release */ = {
			isa = XCBuildConfiguration;
			buildSettings = {
				ALWAYS_SEARCH_USER_PATHS = NO;
				CLANG_ANALYZER_NONNULL = YES;
				CLANG_ANALYZER_NUMBER_OBJECT_CONVERSION = YES_AGGRESSIVE;
				CLANG_CXX_LANGUAGE_STANDARD = "gnu++14";
				CLANG_CXX_LIBRARY = "libc++";
				CLANG_ENABLE_MODULES = YES;
				CLANG_ENABLE_OBJC_ARC = YES;
				CLANG_ENABLE_OBJC_WEAK = YES;
				CLANG_WARN_BLOCK_CAPTURE_AUTORELEASING = YES;
				CLANG_WARN_BOOL_CONVERSION = YES;
				CLANG_WARN_COMMA = YES;
				CLANG_WARN_CONSTANT_CONVERSION = YES;
				CLANG_WARN_DEPRECATED_OBJC_IMPLEMENTATIONS = YES;
				CLANG_WARN_DIRECT_OBJC_ISA_USAGE = YES_ERROR;
				CLANG_WARN_DOCUMENTATION_COMMENTS = YES;
				CLANG_WARN_EMPTY_BODY = YES;
				CLANG_WARN_ENUM_CONVERSION = YES;
				CLANG_WARN_INFINITE_RECURSION = YES;
				CLANG_WARN_INT_CONVERSION = YES;
				CLANG_WARN_NON_LITERAL_NULL_CONVERSION = YES;
				CLANG_WARN_OBJC_IMPLICIT_RETAIN_SELF = YES;
				CLANG_WARN_OBJC_LITERAL_CONVERSION = YES;
				CLANG_WARN_OBJC_ROOT_CLASS = YES_ERROR;
				CLANG_WARN_QUOTED_INCLUDE_IN_FRAMEWORK_HEADER = YES;
				CLANG_WARN_RANGE_LOOP_ANALYSIS = YES;
				CLANG_WARN_STRICT_PROTOTYPES = YES;
				CLANG_WARN_SUSPICIOUS_MOVE = YES;
				CLANG_WARN_UNGUARDED_AVAILABILITY = YES_AGGRESSIVE;
				CLANG_WARN_UNREACHABLE_CODE = YES;
				CLANG_WARN__DUPLICATE_METHOD_MATCH = YES;
				COPY_PHASE_STRIP = NO;
				DEBUG_INFORMATION_FORMAT = "dwarf-with-dsym";
				ENABLE_NS_ASSERTIONS = NO;
				ENABLE_STRICT_OBJC_MSGSEND = YES;
				GCC_C_LANGUAGE_STANDARD = gnu11;
				GCC_NO_COMMON_BLOCKS = YES;
				GCC_WARN_64_TO_32_BIT_CONVERSION = YES;
				GCC_WARN_ABOUT_RETURN_TYPE = YES_ERROR;
				GCC_WARN_UNDECLARED_SELECTOR = YES;
				GCC_WARN_UNINITIALIZED_AUTOS = YES_AGGRESSIVE;
				GCC_WARN_UNUSED_FUNCTION = YES;
				GCC_WARN_UNUSED_VARIABLE = YES;
				IPHONEOS_DEPLOYMENT_TARGET = 14.0;
				MTL_ENABLE_DEBUG_INFO = NO;
				MTL_FAST_MATH = YES;
				SDKROOT = iphoneos;
				SWIFT_COMPILATION_MODE = wholemodule;
				SWIFT_OPTIMIZATION_LEVEL = "-O";
				VALIDATE_PRODUCT = YES;
			};
			name = Release;
		};
		7BAC6BF4253382F100D0B6A5 /* Debug */ = {
			isa = XCBuildConfiguration;
			buildSettings = {
				ASSETCATALOG_COMPILER_APPICON_NAME = AppIcon;
				ASSETCATALOG_COMPILER_GLOBAL_ACCENT_COLOR_NAME = AccentColor;
				CODE_SIGN_STYLE = Automatic;
				DEVELOPMENT_TEAM = H6A2F4D638;
				INFOPLIST_FILE = "youtube-light/Info.plist";
				LD_RUNPATH_SEARCH_PATHS = (
					"$(inherited)",
					"@executable_path/Frameworks",
				);
				PRODUCT_BUNDLE_IDENTIFIER = "Stanislav-Starovoytov.youtube-light";
				PRODUCT_NAME = "$(TARGET_NAME)";
				SWIFT_VERSION = 5.0;
				TARGETED_DEVICE_FAMILY = "1,2";
			};
			name = Debug;
		};
		7BAC6BF5253382F100D0B6A5 /* Release */ = {
			isa = XCBuildConfiguration;
			buildSettings = {
				ASSETCATALOG_COMPILER_APPICON_NAME = AppIcon;
				ASSETCATALOG_COMPILER_GLOBAL_ACCENT_COLOR_NAME = AccentColor;
				CODE_SIGN_STYLE = Automatic;
				DEVELOPMENT_TEAM = H6A2F4D638;
				INFOPLIST_FILE = "youtube-light/Info.plist";
				LD_RUNPATH_SEARCH_PATHS = (
					"$(inherited)",
					"@executable_path/Frameworks",
				);
				PRODUCT_BUNDLE_IDENTIFIER = "Stanislav-Starovoytov.youtube-light";
				PRODUCT_NAME = "$(TARGET_NAME)";
				SWIFT_VERSION = 5.0;
				TARGETED_DEVICE_FAMILY = "1,2";
			};
			name = Release;
		};
/* End XCBuildConfiguration section */

/* Begin XCConfigurationList section */
		7BAC6BDA253382EF00D0B6A5 /* Build configuration list for PBXProject "youtube-light" */ = {
			isa = XCConfigurationList;
			buildConfigurations = (
				7BAC6BF1253382F100D0B6A5 /* Debug */,
				7BAC6BF2253382F100D0B6A5 /* Release */,
			);
			defaultConfigurationIsVisible = 0;
			defaultConfigurationName = Release;
		};
		7BAC6BF3253382F100D0B6A5 /* Build configuration list for PBXNativeTarget "youtube-light" */ = {
			isa = XCConfigurationList;
			buildConfigurations = (
				7BAC6BF4253382F100D0B6A5 /* Debug */,
				7BAC6BF5253382F100D0B6A5 /* Release */,
			);
			defaultConfigurationIsVisible = 0;
			defaultConfigurationName = Release;
		};
/* End XCConfigurationList section */
	};
	rootObject = 7BAC6BD7253382EF00D0B6A5 /* Project object */;
}
